
Microsoft Visual Studio Solution File, Format Version 12.00
# Visual Studio Version 17
VisualStudioVersion = 17.14.36717.8 d17.14
MinimumVisualStudioVersion = 10.0.40219.1
Project("{FAE04EC0-301F-11D3-BF4B-00C04F79EFBC}") = "Prabandhan", "Prabandhan\Prabandhan.csproj", "{7451EA9B-1071-4BB8-8C88-94C290793A48}"
EndProject
Global
	GlobalSection(SolutionConfigurationPlatforms) = preSolution
		Debug|Any CPU = Debug|Any CPU
		Release|Any CPU = Release|Any CPU
	EndGlobalSection
	GlobalSection(ProjectConfigurationPlatforms) = postSolution
		{7451EA9B-1071-4BB8-8C88-94C290793A48}.Debug|Any CPU.ActiveCfg = Debug|Any CPU
		{7451EA9B-1071-4BB8-8C88-94C290793A48}.Debug|Any CPU.Build.0 = Debug|Any CPU
		{7451EA9B-1071-4BB8-8C88-94C290793A48}.Release|Any CPU.ActiveCfg = Release|Any CPU
		{7451EA9B-1071-4BB8-8C88-94C290793A48}.Release|Any CPU.Build.0 = Release|Any CPU
	EndGlobalSection
	GlobalSection(SolutionProperties) = preSolution
		HideSolutionNode = FALSE
	EndGlobalSection
	GlobalSection(ExtensibilityGlobals) = postSolution
		SolutionGuid = {4EFAFBE6-CC2B-47BA-940C-C2FCF24DC3DD}
	EndGlobalSection
EndGlobal
